# THIS IS AN AUTOGENERATED FILE. DO NOT EDIT THIS FILE DIRECTLY.
# yarn lockfile v1


ask-sdk-core@^2.0.0:
  version "2.7.0"
  resolved "https://registry.yarnpkg.com/ask-sdk-core/-/ask-sdk-core-2.7.0.tgz#477064d850250149f0c3c4e1d510c7809109e98c"
  integrity sha512-XEuoQOH8B+fQqdVRtEeLWtNL46yjKxwIpbXg042ZaCNYwwmJaVmbvmnR5p0UXgKjULqWm1QEXjYL5INQlfrK7w==
  dependencies:
    ask-sdk-runtime "^2.7.0"

ask-sdk-model@^1.0.0:
  version "1.24.0"
  resolved "https://registry.yarnpkg.com/ask-sdk-model/-/ask-sdk-model-1.24.0.tgz#48f90f59eb04519e2c23931acd84fb1e25c79ba5"
  integrity sha512-BetBn99xmh/X23d8KQuM9v6tHJwqbL4qc6u1NWqXDvs9M4fB/jYoJyAIpGg2x3j+K0FXwPHy8wrXovypaIlkgA==

ask-sdk-runtime@^2.7.0:
  version "2.7.0"
  resolved "https://registry.yarnpkg.com/ask-sdk-runtime/-/ask-sdk-runtime-2.7.0.tgz#2905ed9921d9d961c8770ebd29116cb4c7236b39"
  integrity sha512-l2YxzibbTc8Ld5Rpy/Kg3oASiCGKHxgbZnKYrywZStlDPF5tEAGpRBhdtVd+yBSRikl/9fgcetb2wMewtoZF2g==

i18next-sprintf-postprocessor@^0.2.2:
  version "0.2.2"
  resolved "https://registry.yarnpkg.com/i18next-sprintf-postprocessor/-/i18next-sprintf-postprocessor-0.2.2.tgz#2e409f1043579382698b6a2da70cdaa551d67ea4"
  integrity sha1-LkCfEENXk4Jpi2otpwzapVHWfqQ=

i18next@^10.6.0:
  version "10.6.0"
  resolved "https://registry.yarnpkg.com/i18next/-/i18next-10.6.0.tgz#90ffd9f9bc617f34b9a12e037260f524445f7684"
  integrity sha1-kP/Z+bxhfzS5oS4DcmD1JERfdoQ=
